
Microsoft Visual Studio Solution File, Format Version 12.00
# Visual Studio 15
VisualStudioVersion = 15.0.26730.3
MinimumVisualStudioVersion = 10.0.40219.1
Project("{FAE04EC0-301F-11D3-BF4B-00C04F79EFBC}") = "MobileApp", "MobileApp\MobileApp.csproj", "{810B3C1B-F037-43E1-BB0C-3B3CBB20E7AB}"
EndProject
Global
	GlobalSection(SolutionConfigurationPlatforms) = preSolution
		Debug|Any CPU = Debug|Any CPU
		Release|Any CPU = Release|Any CPU
	EndGlobalSection
	GlobalSection(ProjectConfigurationPlatforms) = postSolution
		{810B3C1B-F037-43E1-BB0C-3B3CBB20E7AB}.Debug|Any CPU.ActiveCfg = Debug|Any CPU
		{810B3C1B-F037-43E1-BB0C-3B3CBB20E7AB}.Debug|Any CPU.Build.0 = Debug|Any CPU
		{810B3C1B-F037-43E1-BB0C-3B3CBB20E7AB}.Release|Any CPU.ActiveCfg = Release|Any CPU
		{810B3C1B-F037-43E1-BB0C-3B3CBB20E7AB}.Release|Any CPU.Build.0 = Release|Any CPU
	EndGlobalSection
	GlobalSection(SolutionProperties) = preSolution
		HideSolutionNode = FALSE
	EndGlobalSection
	GlobalSection(ExtensibilityGlobals) = postSolution
		SolutionGuid = {54AC007D-4DEB-479B-BA44-871C58F17EBD}
	EndGlobalSection
EndGlobal
